<?xml version="1.0" encoding="utf-8"?>
<Project ToolsVersion="4.0" xmlns="http://schemas.microsoft.com/developer/msbuild/2003">
  <ItemGroup>
    <Filter Include="Source Files">
      <UniqueIdentifier>{4FC737F1-C7A5-4376-A066-2A32D752A2FF}</UniqueIdentifier>
      <Extensions>cpp;c;cc;cxx;def;odl;idl;hpj;bat;asm;asmx</Extensions>
    </Filter>
    <Filter Include="Header Files">
      <UniqueIdentifier>{93995380-89BD-4b04-88EB-625FBE52EBFB}</UniqueIdentifier>
      <Extensions>h;hpp;hxx;hm;inl;inc;xsd</Extensions>
    </Filter>
    <Filter Include="Resource Files">
      <UniqueIdentifier>{67DA6AB6-F800-4c08-8B7A-83BB121AAD01}</UniqueIdentifier>
      <Extensions>rc;ico;cur;bmp;dlg;rc2;rct;bin;rgs;gif;jpg;jpeg;jpe;resx;tiff;tif;png;wav;mfcribbon-ms</Extensions>
    </Filter>
  </ItemGroup>
  <ItemGroup>
    <ClInclude Include="libgpujpeg\gpujpeg.h">
      <Filter>Header Files</Filter>
    </ClInclude>
    <ClInclude Include="libgpujpeg\gpujpeg_common.h">
      <Filter>Header Files</Filter>
    </ClInclude>
    <ClInclude Include="libgpujpeg\gpujpeg_common_internal.h">
      <Filter>Header Files</Filter>
    </ClInclude>
    <ClInclude Include="libgpujpeg\gpujpeg_decoder.h">
      <Filter>Header Files</Filter>
    </ClInclude>
    <ClInclude Include="libgpujpeg\gpujpeg_decoder_internal.h">
      <Filter>Header Files</Filter>
    </ClInclude>
    <ClInclude Include="libgpujpeg\gpujpeg_encoder.h">
      <Filter>Header Files</Filter>
    </ClInclude>
    <ClInclude Include="libgpujpeg\gpujpeg_encoder_internal.h">
      <Filter>Header Files</Filter>
    </ClInclude>
    <ClInclude Include="libgpujpeg\gpujpeg_reader.h">
      <Filter>Header Files</Filter>
    </ClInclude>
    <ClInclude Include="libgpujpeg\gpujpeg_table.h">
      <Filter>Header Files</Filter>
    </ClInclude>
    <ClInclude Include="libgpujpeg\gpujpeg_type.h">
      <Filter>Header Files</Filter>
    </ClInclude>
    <ClInclude Include="libgpujpeg\gpujpeg_util.h">
      <Filter>Header Files</Filter>
    </ClInclude>
    <ClInclude Include="libgpujpeg\gpujpeg_writer.h">
      <Filter>Header Files</Filter>
    </ClInclude>
    <ClInclude Include="src\gpujpeg_colorspace.h">
      <Filter>Source Files</Filter>
    </ClInclude>
    <ClInclude Include="src\gpujpeg_dct_cpu.h">
      <Filter>Source Files</Filter>
    </ClInclude>
    <ClInclude Include="src\gpujpeg_dct_gpu.h">
      <Filter>Source Files</Filter>
    </ClInclude>
    <ClInclude Include="src\gpujpeg_huffman_cpu_decoder.h">
      <Filter>Source Files</Filter>
    </ClInclude>
    <ClInclude Include="src\gpujpeg_huffman_cpu_encoder.h">
      <Filter>Source Files</Filter>
    </ClInclude>
    <ClInclude Include="src\gpujpeg_huffman_gpu_decoder.h">
      <Filter>Source Files</Filter>
    </ClInclude>
    <ClInclude Include="src\gpujpeg_huffman_gpu_encoder.h">
      <Filter>Source Files</Filter>
    </ClInclude>
    <ClInclude Include="src\gpujpeg_preprocessor.h">
      <Filter>Source Files</Filter>
    </ClInclude>
  </ItemGroup>
  <ItemGroup>
    <ClCompile Include="src\gpujpeg_common.cpp">
      <Filter>Source Files</Filter>
    </ClCompile>
    <ClCompile Include="src\gpujpeg_dct_cpu.cpp">
      <Filter>Source Files</Filter>
    </ClCompile>
    <ClCompile Include="src\gpujpeg_decoder.cpp">
      <Filter>Source Files</Filter>
    </ClCompile>
    <ClCompile Include="src\gpujpeg_encoder.cpp">
      <Filter>Source Files</Filter>
    </ClCompile>
    <ClCompile Include="src\gpujpeg_huffman_cpu_decoder.cpp">
      <Filter>Source Files</Filter>
    </ClCompile>
    <ClCompile Include="src\gpujpeg_huffman_cpu_encoder.cpp">
      <Filter>Source Files</Filter>
    </ClCompile>
    <ClCompile Include="src\gpujpeg_reader.cpp">
      <Filter>Source Files</Filter>
    </ClCompile>
    <ClCompile Include="src\gpujpeg_table.cpp">
      <Filter>Source Files</Filter>
    </ClCompile>
    <ClCompile Include="src\gpujpeg_writer.cpp">
      <Filter>Source Files</Filter>
    </ClCompile>
  </ItemGroup>
  <ItemGroup>
    <CudaCompile Include="src\gpujpeg_dct_gpu.cu">
      <Filter>Source Files</Filter>
    </CudaCompile>
    <CudaCompile Include="src\gpujpeg_huffman_gpu_decoder.cu">
      <Filter>Source Files</Filter>
    </CudaCompile>
    <CudaCompile Include="src\gpujpeg_huffman_gpu_encoder.cu">
      <Filter>Source Files</Filter>
    </CudaCompile>
    <CudaCompile Include="src\gpujpeg_preprocessor.cu">
      <Filter>Source Files</Filter>
    </CudaCompile>
  </ItemGroup>
</Project>