
Microsoft Visual Studio Solution File, Format Version 9.00
# Visual Studio 2005
Project("{8BC9CEB8-8B4A-11D0-8D11-00A0C91BC942}") = "main", "win32\win32.vcproj", "{348F254B-B79F-40EC-A5BD-B7019C34B270}"
EndProject
Project("{8BC9CEB8-8B4A-11D0-8D11-00A0C91BC942}") = "2dxt", "2dxt\2dxt.vcproj", "{E4DEB799-A2A6-45C4-9F3D-99B4421069E8}"
EndProject
Project("{8BC9CEB8-8B4A-11D0-8D11-00A0C91BC942}") = "viewdxt", "viewdxt\viewdxt.vcproj", "{BBE918F8-B00C-4D5D-9BE3-43FBFA770F73}"
EndProject
Project("{8BC9CEB8-8B4A-11D0-8D11-00A0C91BC942}") = "example", "example\example.vcproj", "{8607947C-D81A-432E-B50F-18456EC5AEDF}"
EndProject
Project("{8BC9CEB8-8B4A-11D0-8D11-00A0C91BC942}") = "playdxt", "playdxt\playdxt.vcproj", "{773ECE4F-599F-4A35-AF9C-1AC2A20CF2E4}"
EndProject
Global
	GlobalSection(SolutionConfigurationPlatforms) = preSolution
		Debug|Win32 = Debug|Win32
		Release|Win32 = Release|Win32
	EndGlobalSection
	GlobalSection(ProjectConfigurationPlatforms) = postSolution
		{348F254B-B79F-40EC-A5BD-B7019C34B270}.Debug|Win32.ActiveCfg = Debug|Win32
		{348F254B-B79F-40EC-A5BD-B7019C34B270}.Debug|Win32.Build.0 = Debug|Win32
		{348F254B-B79F-40EC-A5BD-B7019C34B270}.Release|Win32.ActiveCfg = Release|Win32
		{348F254B-B79F-40EC-A5BD-B7019C34B270}.Release|Win32.Build.0 = Release|Win32
		{E4DEB799-A2A6-45C4-9F3D-99B4421069E8}.Debug|Win32.ActiveCfg = Debug|Win32
		{E4DEB799-A2A6-45C4-9F3D-99B4421069E8}.Debug|Win32.Build.0 = Debug|Win32
		{E4DEB799-A2A6-45C4-9F3D-99B4421069E8}.Release|Win32.ActiveCfg = Release|Win32
		{E4DEB799-A2A6-45C4-9F3D-99B4421069E8}.Release|Win32.Build.0 = Release|Win32
		{BBE918F8-B00C-4D5D-9BE3-43FBFA770F73}.Debug|Win32.ActiveCfg = Debug|Win32
		{BBE918F8-B00C-4D5D-9BE3-43FBFA770F73}.Debug|Win32.Build.0 = Debug|Win32
		{BBE918F8-B00C-4D5D-9BE3-43FBFA770F73}.Release|Win32.ActiveCfg = Release|Win32
		{BBE918F8-B00C-4D5D-9BE3-43FBFA770F73}.Release|Win32.Build.0 = Release|Win32
		{8607947C-D81A-432E-B50F-18456EC5AEDF}.Debug|Win32.ActiveCfg = Debug|Win32
		{8607947C-D81A-432E-B50F-18456EC5AEDF}.Debug|Win32.Build.0 = Debug|Win32
		{8607947C-D81A-432E-B50F-18456EC5AEDF}.Release|Win32.ActiveCfg = Release|Win32
		{8607947C-D81A-432E-B50F-18456EC5AEDF}.Release|Win32.Build.0 = Release|Win32
		{773ECE4F-599F-4A35-AF9C-1AC2A20CF2E4}.Debug|Win32.ActiveCfg = Debug|Win32
		{773ECE4F-599F-4A35-AF9C-1AC2A20CF2E4}.Debug|Win32.Build.0 = Debug|Win32
		{773ECE4F-599F-4A35-AF9C-1AC2A20CF2E4}.Release|Win32.ActiveCfg = Release|Win32
		{773ECE4F-599F-4A35-AF9C-1AC2A20CF2E4}.Release|Win32.Build.0 = Release|Win32
	EndGlobalSection
	GlobalSection(SolutionProperties) = preSolution
		HideSolutionNode = FALSE
	EndGlobalSection
EndGlobal
